version = 1
revision = 5
requires-python = ">=3.11"

[[package]]
name = "colorama"
version = "0.4.6"
source = { registry = "https://pypi.org/simple" }
sdist = { url = "https://files.pythonhosted.org/packages/d8/53/6f443c9a4a8358a93a6792e2acffb9d9d5cb0a5cfd8802644b7b1c9a02e4/colorama-0.4.6.tar.gz", hash = "sha256:08695f5cb7ed6e0531a20572697297273c47b8cae5a63ffc6d6ed5c201be6e44", size = 27697, upload-time = "2022-10-25T02:36:22.414Z" }
wheels = [
    { url = "https://files.pythonhosted.org/packages/d1/d6/3965ed04c63042e047cb6a3e6ed1a63a35087b6a609aa3a15ed8ac56c221/colorama-0.4.6-py2.py3-none-any.whl", hash = "sha256:4f1d9991f5acc0ca119f9d443620b77f9d6b33703e51011c16baf57afb285fc6", size = 25335, upload-time = "2022-10-25T02:36:20.889Z" },
]

[[package]]
name = "iniconfig"
version = "2.3.0"
source = { registry = "https://pypi.org/simple" }
sdist = { url = "https://files.pythonhosted.org/packages/72/34/14ca021ce8e5dfedc35312d08ba8bf51fdd999c576889fc2c24cb97f4f10/iniconfig-2.3.0.tar.gz", hash = "sha256:c76315c77db068650d49c5b56314774a7804df16fee4402c1f19d6d15d8c4730", size = 20503, upload-time = "2025-10-18T21:55:43.219Z" }
wheels = [
    { url = "https://files.pythonhosted.org/packages/cb/b1/3846dd7f199d53cb17f49cba7e651e9ce294d8497c8c150530ed11865bb8/iniconfig-2.3.0-py3-none-any.whl", hash = "sha256:f631c04d2c48c52b84d0d0549c99ff3859c98df65b3101406327ecc7d53fbf12", size = 7484, upload-time = "2025-10-18T21:55:41.639Z" },
]

[[package]]
name = "packaging"
version = "26.3"
source = { registry = "https://pypi.org/simple" }
sdist = { url = "https://files.pythonhosted.org/packages/7d/fa/3944b40b07da9ce895c0e6303a5ab7d53da063554f534556b134a54d6093/packaging-26.3.tar.gz", hash = "sha256:94edc256424af38762eb31306eed28beb9f0efc50a8837492c9d6fd6004aed79", size = 313412, upload-time = "2026-08-04T18:15:28.737Z" }
wheels = [
    { url = "https://files.pythonhosted.org/packages/63/34/ba1c580383c9eada3711951fef0795c80b829a078d72188184bcab9dd527/packaging-26.3-py3-none-any.whl", hash = "sha256:d7193f7c8e4e93f444fde0262bf90af30e16fa0ad0ad44cb553c87339b23cd1c", size = 129956, upload-time = "2026-08-04T18:15:27.159Z" },
]

[[package]]
name = "pluggy"
version = "1.6.0"
source = { registry = "https://pypi.org/simple" }
sdist = { url = "https://files.pythonhosted.org/packages/f9/e2/3e91f31a7d2b083fe6ef3fa267035b518369d9511ffab804f839851d2779/pluggy-1.6.0.tar.gz", hash = "sha256:7dcc130b76258d33b90f61b658791dede3486c3e6bfb003ee5c9bfb396dd22f3", size = 69412, upload-time = "2025-05-15T12:30:07.975Z" }
wheels = [
    { url = "https://files.pythonhosted.org/packages/54/20/4d324d65cc6d9205fabedc306948156824eb9f0ee1633355a8f7ec5c66bf/pluggy-1.6.0-py3-none-any.whl", hash = "sha256:e920276dd6813095e9377c0bc5566d94c932c33b27a3e3945d8389c374dd4746", size = 20538, upload-time = "2025-05-15T12:30:06.134Z" },
]

[[package]]
name = "pygments"
version = "2.21.0"
source = { registry = "https://pypi.org/simple" }
sdist = { url = "https://files.pythonhosted.org/packages/49/2e/ced460408999b33da6b31b0021b0f37d329e202d4169aeb164493778f25b/pygments-2.21.0.tar.gz", hash = "sha256:610ca751c9bc2492b38eb9a38a7fbc93edbbb2d7182edaf34e66ae493dee5c8c", size = 5005329, upload-time = "2026-08-17T08:02:48.824Z" }
wheels = [
    { url = "https://files.pythonhosted.org/packages/71/46/17f022dd3e953bf20a04a028a21ec746d942f8d2af30fa0f124fa0e6a684/pygments-2.21.0-py3-none-any.whl", hash = "sha256:2363c69b61c4a97c838da3b130dcd6468f4848992b21a82f2a63ec34377137d9", size = 1250147, upload-time = "2026-08-17T08:02:44.912Z" },
]

[[package]]
name = "pyside6-essentials"
version = "6.12.0"
source = { registry = "https://pypi.org/simple" }
dependencies = [
    { name = "shiboken6" },
]
wheels = [
    { url = "https://files.pythonhosted.org/packages/e1/90/d528f8dd3f9f20712bc719e10c698d27c998e1dd76ed3f33b6fb606d0972/pyside6_essentials-6.12.0-cp310-abi3-macosx_14_0_universal2.whl", hash = "sha256:0867b709a724db28b161227c7d6ecb5ed10cc09226a53542417ac6dee1308239", size = 116002775, upload-time = "2026-10-08T09:09:54.453Z" },
    { url = "https://files.pythonhosted.org/packages/7b/3c/7597d8dcb36aa8315427635ec6ec9d850ffbad4ce78b9118ac854889f2d3/pyside6_essentials-6.12.0-cp310-abi3-manylinux_2_34_x86_64.whl", hash = "sha256:16f4b5e41daf49235ae048458243da9efe5f3d8040f9cc5aa454ce69893d3bd9", size = 84346433, upload-time = "2026-10-08T09:10:02.825Z" },
    { url = "https://files.pythonhosted.org/packages/5e/4e/f4fd4c016719be832ec49d3c87940459e87fd666179a0a199a3998d07916/pyside6_essentials-6.12.0-cp310-abi3-manylinux_2_39_aarch64.whl", hash = "sha256:08c5841063fc1df69b7fa1ee405f539e66576a83fc48004be3e2c5e35ccbfa69", size = 83810102, upload-time = "2026-10-08T09:10:09.13Z" },
    { url = "https://files.pythonhosted.org/packages/03/61/9a7e32a37b224f68506785bfb0f288d516098ec71681782d72b695a6c95d/pyside6_essentials-6.12.0-cp310-abi3-win_amd64.whl", hash = "sha256:c9a95102aa23c1f86516a30d5a9be37552d324eee7e567eb7508973f1218cb42", size = 82153795, upload-time = "2026-10-08T09:10:15.104Z" },
    { url = "https://files.pythonhosted.org/packages/92/11/43afb3d0e7c25dd09f0eb7e44f1283dadb5fa8d8b517249fe3fde02e6702/pyside6_essentials-6.12.0-cp310-abi3-win_arm64.whl", hash = "sha256:c76aa689989bf9bb9b45535e0a81c6733294df720b0eed1308fa30d2606b98cc", size = 62073456, upload-time = "2026-10-08T09:10:20.202Z" },
]

[[package]]
name = "pytest"
version = "9.1.1"
source = { registry = "https://pypi.org/simple" }
dependencies = [
    { name = "colorama", marker = "sys_platform == 'win32'" },
    { name = "iniconfig" },
    { name = "packaging" },
    { name = "pluggy" },
    { name = "pygments" },
]
sdist = { url = "https://files.pythonhosted.org/packages/e4/47/b9efed96c114afcfa3c9d3fe98a76a1d14c74a9e266d397cf6eb64be5e01/pytest-9.1.1.tar.gz", hash = "sha256:1088fbde8f2b49d95a549a195707afa7a76a3ce9bcadc26b6d71f0ffda5fe313", size = 1636369, upload-time = "2026-06-19T10:58:32.857Z" }
wheels = [
    { url = "https://files.pythonhosted.org/packages/24/25/1de2678b631f5a49215c6c96fff41ba892b0a34df68d6d80292b1b48aa7f/pytest-9.1.1-py3-none-any.whl", hash = "sha256:37a86b45efb9a47a61a36449063e8e18d0cab3161329fc099eb21783169c4f0c", size = 386536, upload-time = "2026-06-19T10:58:31.347Z" },
]

[[package]]
name = "pytest-qt"
version = "4.5.0"
source = { registry = "https://pypi.org/simple" }
dependencies = [
    { name = "pluggy" },
    { name = "pytest" },
    { name = "typing-extensions" },
]
sdist = { url = "https://files.pythonhosted.org/packages/d3/61/8bdec02663c18bf5016709b909411dce04a868710477dc9b9844ffcf8dd2/pytest_qt-4.5.0.tar.gz", hash = "sha256:51620e01c488f065d2036425cbc1cbcf8a6972295105fd285321eb47e66a319f", size = 128702, upload-time = "2025-07-01T17:24:39.889Z" }
wheels = [
    { url = "https://files.pythonhosted.org/packages/cc/d0/8339b888ad64a3d4e508fed8245a402b503846e1972c10ad60955883dcbb/pytest_qt-4.5.0-py3-none-any.whl", hash = "sha256:ed21ea9b861247f7d18090a26bfbda8fb51d7a8a7b6f776157426ff2ccf26eff", size = 37214, upload-time = "2025-07-01T17:24:38.226Z" },
]

[[package]]
name = "shiboken6"
version = "6.12.0"
source = { registry = "https://pypi.org/simple" }
wheels = [
    { url = "https://files.pythonhosted.org/packages/b5/45/11536fba5f50a57671eb14441c6098096f3e57074e54c9d7d66039a5831e/shiboken6-6.12.0-cp310-abi3-macosx_14_0_universal2.whl", hash = "sha256:47105e05baf57d35453e07d240bbe59cb4b8d9565377ea5134ff9fb37d4f5c02", size = 479653, upload-time = "2026-10-08T09:10:41.506Z" },
    { url = "https://files.pythonhosted.org/packages/49/c2/a04fa003b4360e99d8e3fc2829abacf37396ace63ea1cd616402209ec7c6/shiboken6-6.12.0-cp310-abi3-manylinux_2_34_x86_64.whl", hash = "sha256:3bde565bb0890044b5c7f63808adddede5abc241e9395a2bfed61919884d6240", size = 279268, upload-time = "2026-10-08T09:10:42.982Z" },
    { url = "https://files.pythonhosted.org/packages/97/ca/a4415e6218e0dff764fe2b2d30db2fc8f499a08ace07634232ade3f73adc/shiboken6-6.12.0-cp310-abi3-manylinux_2_39_aarch64.whl", hash = "sha256:ff72a72b3277b418902d562b987b33a6f6818bed9fe40a49d634d09bc67f620e", size = 276562, upload-time = "2026-10-08T09:10:44.25Z" },
    { url = "https://files.pythonhosted.org/packages/2a/b6/bee97e7a2edeab72aafabb46ee5adc939790a638d107860b4cad7a20e407/shiboken6-6.12.0-cp310-abi3-win_amd64.whl", hash = "sha256:a1906cb8116869178c64b6bab52623bbc8b4ceed7b30bfc3c9aa0f6e67f6438e", size = 1265476, upload-time = "2026-10-08T09:10:45.627Z" },
    { url = "https://files.pythonhosted.org/packages/8c/d5/5894d35f8a470ca8acff0d1cd8f15b1c94cbfdfe0ce4a6ec0fcf10b95bd1/shiboken6-6.12.0-cp310-abi3-win_arm64.whl", hash = "sha256:da382e68f0815b31b6dc2bce11a465b148c4f42c37b91546a361de1576567d10", size = 1838851, upload-time = "2026-10-08T09:10:47.123Z" },
]

[[package]]
name = "tracker-tool"
version = "0.1.0"
source = { editable = "." }

[package.optional-dependencies]
gui = [
    { name = "pyside6-essentials" },
]

[package.dev-dependencies]
dev = [
    { name = "pyside6-essentials" },
    { name = "pytest" },
    { name = "pytest-qt" },
]

[package.metadata]
requires-dist = [{ name = "pyside6-essentials", marker = "extra == 'gui'", specifier = ">=6.8,<7" }]
provides-extras = ["gui"]

[package.metadata.requires-dev]
dev = [
    { name = "pyside6-essentials", specifier = ">=6.8,<7" },
    { name = "pytest", specifier = ">=9.1.1" },
    { name = "pytest-qt", specifier = ">=4.4" },
]

[[package]]
name = "typing-extensions"
version = "4.16.0"
source = { registry = "https://pypi.org/simple" }
sdist = { url = "https://files.pythonhosted.org/packages/f6/cc/6253133b5bb138fc3306cebfbda2c520f545d36b5be2c7255cc528bb45d6/typing_extensions-4.16.0.tar.gz", hash = "sha256:dc983d19a509c94dba722ee6abd33940f7c05a89e243c47e907eb4db6f1a43e5", size = 113555, upload-time = "2026-07-02T08:40:05.92Z" }
wheels = [
    { url = "https://files.pythonhosted.org/packages/49/d3/b8441a820a491ddfc024b0b0cf0393375b75ea13866d9c66727e54c2fc80/typing_extensions-4.16.0-py3-none-any.whl", hash = "sha256:481caa481374e813c1b176ada14e97f1f67a4539ce9cfeb3f350d78d6370c2e8", size = 45571, upload-time = "2026-07-02T08:40:04.659Z" },
]
